Microsoft Visual Studio Solution File, Format Version 9.00
# Visual Studio 2005
Project("{8BC9CEB8-8B4A-11D0-8D11-00A0C91BC942}") = "util", "util.vcproj", "{F0227B87-7CAD-4E2A-90E1-9C8DC0A9D4B9}"
EndProject
Global
	GlobalSection(SourceCodeControl) = preSolution
		SccNumberOfProjects = 2
		SccProjectName0 = util
		SccLocalPath0 = .
		SccProvider0 = MSSCCI:ClearCase
		CanCheckoutShared = true
		SccProjectUniqueName1 = util.vcproj
		SccLocalPath1 = .
		CanCheckoutShared = true
	EndGlobalSection
	GlobalSection(SolutionConfigurationPlatforms) = preSolution
		Debug|Win32 = Debug|Win32
		Release|Win32 = Release|Win32
	EndGlobalSection
	GlobalSection(ProjectConfigurationPlatforms) = postSolution
		{F0227B87-7CAD-4E2A-90E1-9C8DC0A9D4B9}.Debug|Win32.ActiveCfg = Debug|Win32
		{F0227B87-7CAD-4E2A-90E1-9C8DC0A9D4B9}.Debug|Win32.Build.0 = Debug|Win32
		{F0227B87-7CAD-4E2A-90E1-9C8DC0A9D4B9}.Release|Win32.ActiveCfg = Release|Win32
		{F0227B87-7CAD-4E2A-90E1-9C8DC0A9D4B9}.Release|Win32.Build.0 = Release|Win32
	EndGlobalSection
	GlobalSection(SolutionProperties) = preSolution
		HideSolutionNode = FALSE
	EndGlobalSection
EndGlobal
