Microsoft Visual Studio Solution File, Format Version 8.00
Project("{8BC9CEB8-8B4A-11D0-8D11-00A0C91BC942}") = "libpng", "libpng.vcproj", "{FDF137CE-E67F-4F2B-B913-5F9B6FD2F025}"
	ProjectSection(ProjectDependencies) = postProject
		{FCBB54E3-C2C7-42B7-9090-D84D5D0EFC04} = {FCBB54E3-C2C7-42B7-9090-D84D5D0EFC04}
	EndProjectSection
EndProject
Project("{8BC9CEB8-8B4A-11D0-8D11-00A0C91BC942}") = "pngtest", "pngtest.vcproj", "{4081FEC9-DE0D-4547-A809-FE9F58AA27EC}"
	ProjectSection(ProjectDependencies) = postProject
		{FDF137CE-E67F-4F2B-B913-5F9B6FD2F025} = {FDF137CE-E67F-4F2B-B913-5F9B6FD2F025}
	EndProjectSection
EndProject
Project("{8BC9CEB8-8B4A-11D0-8D11-00A0C91BC942}") = "zlib", "..\..\..\zlib\projects\visualc6\zlib.vcproj", "{FCBB54E3-C2C7-42B7-9090-D84D5D0EFC04}"
	ProjectSection(ProjectDependencies) = postProject
	EndProjectSection
EndProject
Global
	GlobalSection(SolutionConfiguration) = preSolution
		DLL ASM Debug = DLL ASM Debug
		DLL ASM Release = DLL ASM Release
		DLL Debug = DLL Debug
		DLL Release = DLL Release
		DLL VB = DLL VB
		LIB ASM Debug = LIB ASM Debug
		LIB ASM Release = LIB ASM Release
		LIB Debug = LIB Debug
		LIB Release = LIB Release
	EndGlobalSection
	GlobalSection(ProjectConfiguration) = postSolution
		{FDF137CE-E67F-4F2B-B913-5F9B6FD2F025}.DLL ASM Debug.ActiveCfg = DLL ASM Debug|Win32
		{FDF137CE-E67F-4F2B-B913-5F9B6FD2F025}.DLL ASM Debug.Build.0 = DLL ASM Debug|Win32
		{FDF137CE-E67F-4F2B-B913-5F9B6FD2F025}.DLL ASM Release.ActiveCfg = DLL ASM Release|Win32
		{FDF137CE-E67F-4F2B-B913-5F9B6FD2F025}.DLL ASM Release.Build.0 = DLL ASM Release|Win32
		{FDF137CE-E67F-4F2B-B913-5F9B6FD2F025}.DLL Debug.ActiveCfg = DLL Debug|Win32
		{FDF137CE-E67F-4F2B-B913-5F9B6FD2F025}.DLL Debug.Build.0 = DLL Debug|Win32
		{FDF137CE-E67F-4F2B-B913-5F9B6FD2F025}.DLL Release.ActiveCfg = DLL Release|Win32
		{FDF137CE-E67F-4F2B-B913-5F9B6FD2F025}.DLL Release.Build.0 = DLL Release|Win32
		{FDF137CE-E67F-4F2B-B913-5F9B6FD2F025}.DLL VB.ActiveCfg = DLL VB|Win32
		{FDF137CE-E67F-4F2B-B913-5F9B6FD2F025}.DLL VB.Build.0 = DLL VB|Win32
		{FDF137CE-E67F-4F2B-B913-5F9B6FD2F025}.LIB ASM Debug.ActiveCfg = LIB ASM Debug|Win32
		{FDF137CE-E67F-4F2B-B913-5F9B6FD2F025}.LIB ASM Debug.Build.0 = LIB ASM Debug|Win32
		{FDF137CE-E67F-4F2B-B913-5F9B6FD2F025}.LIB ASM Release.ActiveCfg = LIB ASM Release|Win32
		{FDF137CE-E67F-4F2B-B913-5F9B6FD2F025}.LIB ASM Release.Build.0 = LIB ASM Release|Win32
		{FDF137CE-E67F-4F2B-B913-5F9B6FD2F025}.LIB Debug.ActiveCfg = LIB Debug|Win32
		{FDF137CE-E67F-4F2B-B913-5F9B6FD2F025}.LIB Debug.Build.0 = LIB Debug|Win32
		{FDF137CE-E67F-4F2B-B913-5F9B6FD2F025}.LIB Release.ActiveCfg = LIB Release|Win32
		{FDF137CE-E67F-4F2B-B913-5F9B6FD2F025}.LIB Release.Build.0 = LIB Release|Win32
		{4081FEC9-DE0D-4547-A809-FE9F58AA27EC}.DLL ASM Debug.ActiveCfg = DLL ASM Debug|Win32
		{4081FEC9-DE0D-4547-A809-FE9F58AA27EC}.DLL ASM Debug.Build.0 = DLL ASM Debug|Win32
		{4081FEC9-DE0D-4547-A809-FE9F58AA27EC}.DLL ASM Release.ActiveCfg = DLL ASM Release|Win32
		{4081FEC9-DE0D-4547-A809-FE9F58AA27EC}.DLL ASM Release.Build.0 = DLL ASM Release|Win32
		{4081FEC9-DE0D-4547-A809-FE9F58AA27EC}.DLL Debug.ActiveCfg = DLL Debug|Win32
		{4081FEC9-DE0D-4547-A809-FE9F58AA27EC}.DLL Debug.Build.0 = DLL Debug|Win32
		{4081FEC9-DE0D-4547-A809-FE9F58AA27EC}.DLL Release.ActiveCfg = DLL Release|Win32
		{4081FEC9-DE0D-4547-A809-FE9F58AA27EC}.DLL Release.Build.0 = DLL Release|Win32
		{4081FEC9-DE0D-4547-A809-FE9F58AA27EC}.DLL VB.ActiveCfg = DLL ASM Debug|Win32
		{4081FEC9-DE0D-4547-A809-FE9F58AA27EC}.DLL VB.Build.0 = DLL ASM Debug|Win32
		{4081FEC9-DE0D-4547-A809-FE9F58AA27EC}.LIB ASM Debug.ActiveCfg = LIB ASM Debug|Win32
		{4081FEC9-DE0D-4547-A809-FE9F58AA27EC}.LIB ASM Debug.Build.0 = LIB ASM Debug|Win32
		{4081FEC9-DE0D-4547-A809-FE9F58AA27EC}.LIB ASM Release.ActiveCfg = LIB ASM Release|Win32
		{4081FEC9-DE0D-4547-A809-FE9F58AA27EC}.LIB ASM Release.Build.0 = LIB ASM Release|Win32
		{4081FEC9-DE0D-4547-A809-FE9F58AA27EC}.LIB Debug.ActiveCfg = LIB Debug|Win32
		{4081FEC9-DE0D-4547-A809-FE9F58AA27EC}.LIB Debug.Build.0 = LIB Debug|Win32
		{4081FEC9-DE0D-4547-A809-FE9F58AA27EC}.LIB Release.ActiveCfg = LIB Release|Win32
		{4081FEC9-DE0D-4547-A809-FE9F58AA27EC}.LIB Release.Build.0 = LIB Release|Win32
		{FCBB54E3-C2C7-42B7-9090-D84D5D0EFC04}.DLL ASM Debug.ActiveCfg = DLL ASM Debug|Win32
		{FCBB54E3-C2C7-42B7-9090-D84D5D0EFC04}.DLL ASM Debug.Build.0 = DLL ASM Debug|Win32
		{FCBB54E3-C2C7-42B7-9090-D84D5D0EFC04}.DLL ASM Release.ActiveCfg = DLL ASM Release|Win32
		{FCBB54E3-C2C7-42B7-9090-D84D5D0EFC04}.DLL ASM Release.Build.0 = DLL ASM Release|Win32
		{FCBB54E3-C2C7-42B7-9090-D84D5D0EFC04}.DLL Debug.ActiveCfg = DLL Debug|Win32
		{FCBB54E3-C2C7-42B7-9090-D84D5D0EFC04}.DLL Debug.Build.0 = DLL Debug|Win32
		{FCBB54E3-C2C7-42B7-9090-D84D5D0EFC04}.DLL Release.ActiveCfg = DLL Release|Win32
		{FCBB54E3-C2C7-42B7-9090-D84D5D0EFC04}.DLL Release.Build.0 = DLL Release|Win32
		{FCBB54E3-C2C7-42B7-9090-D84D5D0EFC04}.DLL VB.ActiveCfg = DLL Debug|Win32
		{FCBB54E3-C2C7-42B7-9090-D84D5D0EFC04}.DLL VB.Build.0 = DLL Debug|Win32
		{FCBB54E3-C2C7-42B7-9090-D84D5D0EFC04}.LIB ASM Debug.ActiveCfg = LIB ASM Debug|Win32
		{FCBB54E3-C2C7-42B7-9090-D84D5D0EFC04}.LIB ASM Debug.Build.0 = LIB ASM Debug|Win32
		{FCBB54E3-C2C7-42B7-9090-D84D5D0EFC04}.LIB ASM Release.ActiveCfg = LIB ASM Release|Win32
		{FCBB54E3-C2C7-42B7-9090-D84D5D0EFC04}.LIB ASM Release.Build.0 = LIB ASM Release|Win32
		{FCBB54E3-C2C7-42B7-9090-D84D5D0EFC04}.LIB Debug.ActiveCfg = LIB Debug|Win32
		{FCBB54E3-C2C7-42B7-9090-D84D5D0EFC04}.LIB Debug.Build.0 = LIB Debug|Win32
		{FCBB54E3-C2C7-42B7-9090-D84D5D0EFC04}.LIB Release.ActiveCfg = LIB Release|Win32
		{FCBB54E3-C2C7-42B7-9090-D84D5D0EFC04}.LIB Release.Build.0 = LIB Release|Win32
	EndGlobalSection
	GlobalSection(ExtensibilityGlobals) = postSolution
	EndGlobalSection
	GlobalSection(ExtensibilityAddIns) = postSolution
	EndGlobalSection
EndGlobal
