Microsoft Visual Studio Solution File, Format Version 9.00
# Visual Studio 2005
Project("{8BC9CEB8-8B4A-11D0-8D11-00A0C91BC942}") = "util", "util\util.vcproj", "{F0227B87-7CAD-4E2A-90E1-9C8DC0A9D4B9}"
EndProject
Project("{8BC9CEB8-8B4A-11D0-8D11-00A0C91BC942}") = "ziputillib", "zip_util\ziputillib\ziputillib.vcproj", "{6A6DAD90-5347-4FDE-8987-2B025063D10F}"
EndProject
Project("{8BC9CEB8-8B4A-11D0-8D11-00A0C91BC942}") = "Settings", "Settings\Settings.vcproj", "{0EA924D2-BE0E-472C-B709-90A25B15313A}"
EndProject
Project("{8BC9CEB8-8B4A-11D0-8D11-00A0C91BC942}") = "libpng", "lpng1216\projects\visualc71\libpng.vcproj", "{3D5AE9C4-F1C3-4F7A-A2FC-3EA0D9404B0E}"
EndProject
Project("{8BC9CEB8-8B4A-11D0-8D11-00A0C91BC942}") = "zlib", "lpng1216\projects\visualc71\zlib.vcproj", "{0832AEC4-A8AB-4F45-8E53-DD120D2F4BEB}"
EndProject
Project("{8BC9CEB8-8B4A-11D0-8D11-00A0C91BC942}") = "cryptlib", "cryptopp\cryptopp552\cryptlib.vcproj", "{F26D9DD5-826B-487D-8D90-49ADBEB02E84}"
EndProject
Global
	GlobalSection(SolutionConfigurationPlatforms) = preSolution
		Debug_Shared_MSCRT|Win32 = Debug_Shared_MSCRT|Win32
		Debug|Win32 = Debug|Win32
		DLL ASM Debug|Win32 = DLL ASM Debug|Win32
		DLL ASM Release|Win32 = DLL ASM Release|Win32
		DLL Debug|Win32 = DLL Debug|Win32
		DLL Release|Win32 = DLL Release|Win32
		DLL VB|Win32 = DLL VB|Win32
		DLL-Import Debug|Win32 = DLL-Import Debug|Win32
		DLL-Import Release|Win32 = DLL-Import Release|Win32
		LIB ASM Debug|Win32 = LIB ASM Debug|Win32
		LIB ASM Release|Win32 = LIB ASM Release|Win32
		LIB Debug|Win32 = LIB Debug|Win32
		LIB Release|Win32 = LIB Release|Win32
		Release_Shared_MSCRT|Win32 = Release_Shared_MSCRT|Win32
		Release|Win32 = Release|Win32
	EndGlobalSection
	GlobalSection(ProjectConfigurationPlatforms) = postSolution
		{F0227B87-7CAD-4E2A-90E1-9C8DC0A9D4B9}.Debug_Shared_MSCRT|Win32.ActiveCfg = Debug|Win32
		{F0227B87-7CAD-4E2A-90E1-9C8DC0A9D4B9}.Debug_Shared_MSCRT|Win32.Build.0 = Debug|Win32
		{F0227B87-7CAD-4E2A-90E1-9C8DC0A9D4B9}.Debug|Win32.ActiveCfg = Debug|Win32
		{F0227B87-7CAD-4E2A-90E1-9C8DC0A9D4B9}.Debug|Win32.Build.0 = Debug|Win32
		{F0227B87-7CAD-4E2A-90E1-9C8DC0A9D4B9}.DLL ASM Debug|Win32.ActiveCfg = Debug|Win32
		{F0227B87-7CAD-4E2A-90E1-9C8DC0A9D4B9}.DLL ASM Debug|Win32.Build.0 = Debug|Win32
		{F0227B87-7CAD-4E2A-90E1-9C8DC0A9D4B9}.DLL ASM Release|Win32.ActiveCfg = Release|Win32
		{F0227B87-7CAD-4E2A-90E1-9C8DC0A9D4B9}.DLL ASM Release|Win32.Build.0 = Release|Win32
		{F0227B87-7CAD-4E2A-90E1-9C8DC0A9D4B9}.DLL Debug|Win32.ActiveCfg = Debug|Win32
		{F0227B87-7CAD-4E2A-90E1-9C8DC0A9D4B9}.DLL Debug|Win32.Build.0 = Debug|Win32
		{F0227B87-7CAD-4E2A-90E1-9C8DC0A9D4B9}.DLL Release|Win32.ActiveCfg = Release|Win32
		{F0227B87-7CAD-4E2A-90E1-9C8DC0A9D4B9}.DLL Release|Win32.Build.0 = Release|Win32
		{F0227B87-7CAD-4E2A-90E1-9C8DC0A9D4B9}.DLL VB|Win32.ActiveCfg = Debug|Win32
		{F0227B87-7CAD-4E2A-90E1-9C8DC0A9D4B9}.DLL VB|Win32.Build.0 = Debug|Win32
		{F0227B87-7CAD-4E2A-90E1-9C8DC0A9D4B9}.DLL-Import Debug|Win32.ActiveCfg = Debug|Win32
		{F0227B87-7CAD-4E2A-90E1-9C8DC0A9D4B9}.DLL-Import Debug|Win32.Build.0 = Debug|Win32
		{F0227B87-7CAD-4E2A-90E1-9C8DC0A9D4B9}.DLL-Import Release|Win32.ActiveCfg = Release|Win32
		{F0227B87-7CAD-4E2A-90E1-9C8DC0A9D4B9}.DLL-Import Release|Win32.Build.0 = Release|Win32
		{F0227B87-7CAD-4E2A-90E1-9C8DC0A9D4B9}.LIB ASM Debug|Win32.ActiveCfg = Debug|Win32
		{F0227B87-7CAD-4E2A-90E1-9C8DC0A9D4B9}.LIB ASM Debug|Win32.Build.0 = Debug|Win32
		{F0227B87-7CAD-4E2A-90E1-9C8DC0A9D4B9}.LIB ASM Release|Win32.ActiveCfg = Release|Win32
		{F0227B87-7CAD-4E2A-90E1-9C8DC0A9D4B9}.LIB ASM Release|Win32.Build.0 = Release|Win32
		{F0227B87-7CAD-4E2A-90E1-9C8DC0A9D4B9}.LIB Debug|Win32.ActiveCfg = Debug|Win32
		{F0227B87-7CAD-4E2A-90E1-9C8DC0A9D4B9}.LIB Debug|Win32.Build.0 = Debug|Win32
		{F0227B87-7CAD-4E2A-90E1-9C8DC0A9D4B9}.LIB Release|Win32.ActiveCfg = Release|Win32
		{F0227B87-7CAD-4E2A-90E1-9C8DC0A9D4B9}.LIB Release|Win32.Build.0 = Release|Win32
		{F0227B87-7CAD-4E2A-90E1-9C8DC0A9D4B9}.Release_Shared_MSCRT|Win32.ActiveCfg = Release|Win32
		{F0227B87-7CAD-4E2A-90E1-9C8DC0A9D4B9}.Release_Shared_MSCRT|Win32.Build.0 = Release|Win32
		{F0227B87-7CAD-4E2A-90E1-9C8DC0A9D4B9}.Release|Win32.ActiveCfg = Release|Win32
		{F0227B87-7CAD-4E2A-90E1-9C8DC0A9D4B9}.Release|Win32.Build.0 = Release|Win32
		{6A6DAD90-5347-4FDE-8987-2B025063D10F}.Debug_Shared_MSCRT|Win32.ActiveCfg = Debug|Win32
		{6A6DAD90-5347-4FDE-8987-2B025063D10F}.Debug_Shared_MSCRT|Win32.Build.0 = Debug|Win32
		{6A6DAD90-5347-4FDE-8987-2B025063D10F}.Debug|Win32.ActiveCfg = Debug|Win32
		{6A6DAD90-5347-4FDE-8987-2B025063D10F}.Debug|Win32.Build.0 = Debug|Win32
		{6A6DAD90-5347-4FDE-8987-2B025063D10F}.DLL ASM Debug|Win32.ActiveCfg = Debug|Win32
		{6A6DAD90-5347-4FDE-8987-2B025063D10F}.DLL ASM Debug|Win32.Build.0 = Debug|Win32
		{6A6DAD90-5347-4FDE-8987-2B025063D10F}.DLL ASM Release|Win32.ActiveCfg = Release|Win32
		{6A6DAD90-5347-4FDE-8987-2B025063D10F}.DLL ASM Release|Win32.Build.0 = Release|Win32
		{6A6DAD90-5347-4FDE-8987-2B025063D10F}.DLL Debug|Win32.ActiveCfg = Debug|Win32
		{6A6DAD90-5347-4FDE-8987-2B025063D10F}.DLL Debug|Win32.Build.0 = Debug|Win32
		{6A6DAD90-5347-4FDE-8987-2B025063D10F}.DLL Release|Win32.ActiveCfg = Release|Win32
		{6A6DAD90-5347-4FDE-8987-2B025063D10F}.DLL Release|Win32.Build.0 = Release|Win32
		{6A6DAD90-5347-4FDE-8987-2B025063D10F}.DLL VB|Win32.ActiveCfg = Debug|Win32
		{6A6DAD90-5347-4FDE-8987-2B025063D10F}.DLL VB|Win32.Build.0 = Debug|Win32
		{6A6DAD90-5347-4FDE-8987-2B025063D10F}.DLL-Import Debug|Win32.ActiveCfg = Debug|Win32
		{6A6DAD90-5347-4FDE-8987-2B025063D10F}.DLL-Import Debug|Win32.Build.0 = Debug|Win32
		{6A6DAD90-5347-4FDE-8987-2B025063D10F}.DLL-Import Release|Win32.ActiveCfg = Release|Win32
		{6A6DAD90-5347-4FDE-8987-2B025063D10F}.DLL-Import Release|Win32.Build.0 = Release|Win32
		{6A6DAD90-5347-4FDE-8987-2B025063D10F}.LIB ASM Debug|Win32.ActiveCfg = Debug|Win32
		{6A6DAD90-5347-4FDE-8987-2B025063D10F}.LIB ASM Debug|Win32.Build.0 = Debug|Win32
		{6A6DAD90-5347-4FDE-8987-2B025063D10F}.LIB ASM Release|Win32.ActiveCfg = Release|Win32
		{6A6DAD90-5347-4FDE-8987-2B025063D10F}.LIB ASM Release|Win32.Build.0 = Release|Win32
		{6A6DAD90-5347-4FDE-8987-2B025063D10F}.LIB Debug|Win32.ActiveCfg = Debug|Win32
		{6A6DAD90-5347-4FDE-8987-2B025063D10F}.LIB Debug|Win32.Build.0 = Debug|Win32
		{6A6DAD90-5347-4FDE-8987-2B025063D10F}.LIB Release|Win32.ActiveCfg = Release|Win32
		{6A6DAD90-5347-4FDE-8987-2B025063D10F}.LIB Release|Win32.Build.0 = Release|Win32
		{6A6DAD90-5347-4FDE-8987-2B025063D10F}.Release_Shared_MSCRT|Win32.ActiveCfg = Release|Win32
		{6A6DAD90-5347-4FDE-8987-2B025063D10F}.Release_Shared_MSCRT|Win32.Build.0 = Release|Win32
		{6A6DAD90-5347-4FDE-8987-2B025063D10F}.Release|Win32.ActiveCfg = Release|Win32
		{6A6DAD90-5347-4FDE-8987-2B025063D10F}.Release|Win32.Build.0 = Release|Win32
		{0EA924D2-BE0E-472C-B709-90A25B15313A}.Debug_Shared_MSCRT|Win32.ActiveCfg = Debug|Win32
		{0EA924D2-BE0E-472C-B709-90A25B15313A}.Debug_Shared_MSCRT|Win32.Build.0 = Debug|Win32
		{0EA924D2-BE0E-472C-B709-90A25B15313A}.Debug|Win32.ActiveCfg = Debug|Win32
		{0EA924D2-BE0E-472C-B709-90A25B15313A}.Debug|Win32.Build.0 = Debug|Win32
		{0EA924D2-BE0E-472C-B709-90A25B15313A}.DLL ASM Debug|Win32.ActiveCfg = Debug|Win32
		{0EA924D2-BE0E-472C-B709-90A25B15313A}.DLL ASM Debug|Win32.Build.0 = Debug|Win32
		{0EA924D2-BE0E-472C-B709-90A25B15313A}.DLL ASM Release|Win32.ActiveCfg = Release|Win32
		{0EA924D2-BE0E-472C-B709-90A25B15313A}.DLL ASM Release|Win32.Build.0 = Release|Win32
		{0EA924D2-BE0E-472C-B709-90A25B15313A}.DLL Debug|Win32.ActiveCfg = Debug|Win32
		{0EA924D2-BE0E-472C-B709-90A25B15313A}.DLL Debug|Win32.Build.0 = Debug|Win32
		{0EA924D2-BE0E-472C-B709-90A25B15313A}.DLL Release|Win32.ActiveCfg = Release|Win32
		{0EA924D2-BE0E-472C-B709-90A25B15313A}.DLL Release|Win32.Build.0 = Release|Win32
		{0EA924D2-BE0E-472C-B709-90A25B15313A}.DLL VB|Win32.ActiveCfg = Debug|Win32
		{0EA924D2-BE0E-472C-B709-90A25B15313A}.DLL VB|Win32.Build.0 = Debug|Win32
		{0EA924D2-BE0E-472C-B709-90A25B15313A}.DLL-Import Debug|Win32.ActiveCfg = Debug|Win32
		{0EA924D2-BE0E-472C-B709-90A25B15313A}.DLL-Import Debug|Win32.Build.0 = Debug|Win32
		{0EA924D2-BE0E-472C-B709-90A25B15313A}.DLL-Import Release|Win32.ActiveCfg = Release|Win32
		{0EA924D2-BE0E-472C-B709-90A25B15313A}.DLL-Import Release|Win32.Build.0 = Release|Win32
		{0EA924D2-BE0E-472C-B709-90A25B15313A}.LIB ASM Debug|Win32.ActiveCfg = Debug|Win32
		{0EA924D2-BE0E-472C-B709-90A25B15313A}.LIB ASM Debug|Win32.Build.0 = Debug|Win32
		{0EA924D2-BE0E-472C-B709-90A25B15313A}.LIB ASM Release|Win32.ActiveCfg = Release|Win32
		{0EA924D2-BE0E-472C-B709-90A25B15313A}.LIB ASM Release|Win32.Build.0 = Release|Win32
		{0EA924D2-BE0E-472C-B709-90A25B15313A}.LIB Debug|Win32.ActiveCfg = Debug|Win32
		{0EA924D2-BE0E-472C-B709-90A25B15313A}.LIB Debug|Win32.Build.0 = Debug|Win32
		{0EA924D2-BE0E-472C-B709-90A25B15313A}.LIB Release|Win32.ActiveCfg = Release|Win32
		{0EA924D2-BE0E-472C-B709-90A25B15313A}.LIB Release|Win32.Build.0 = Release|Win32
		{0EA924D2-BE0E-472C-B709-90A25B15313A}.Release_Shared_MSCRT|Win32.ActiveCfg = Release|Win32
		{0EA924D2-BE0E-472C-B709-90A25B15313A}.Release_Shared_MSCRT|Win32.Build.0 = Release|Win32
		{0EA924D2-BE0E-472C-B709-90A25B15313A}.Release|Win32.ActiveCfg = Release|Win32
		{0EA924D2-BE0E-472C-B709-90A25B15313A}.Release|Win32.Build.0 = Release|Win32
		{3D5AE9C4-F1C3-4F7A-A2FC-3EA0D9404B0E}.Debug_Shared_MSCRT|Win32.ActiveCfg = DLL VB|Win32
		{3D5AE9C4-F1C3-4F7A-A2FC-3EA0D9404B0E}.Debug_Shared_MSCRT|Win32.Build.0 = DLL VB|Win32
		{3D5AE9C4-F1C3-4F7A-A2FC-3EA0D9404B0E}.Debug|Win32.ActiveCfg = LIB Debug|Win32
		{3D5AE9C4-F1C3-4F7A-A2FC-3EA0D9404B0E}.Debug|Win32.Build.0 = LIB Debug|Win32
		{3D5AE9C4-F1C3-4F7A-A2FC-3EA0D9404B0E}.DLL ASM Debug|Win32.ActiveCfg = DLL ASM Debug|Win32
		{3D5AE9C4-F1C3-4F7A-A2FC-3EA0D9404B0E}.DLL ASM Debug|Win32.Build.0 = DLL ASM Debug|Win32
		{3D5AE9C4-F1C3-4F7A-A2FC-3EA0D9404B0E}.DLL ASM Release|Win32.ActiveCfg = DLL ASM Release|Win32
		{3D5AE9C4-F1C3-4F7A-A2FC-3EA0D9404B0E}.DLL ASM Release|Win32.Build.0 = DLL ASM Release|Win32
		{3D5AE9C4-F1C3-4F7A-A2FC-3EA0D9404B0E}.DLL Debug|Win32.ActiveCfg = DLL Debug|Win32
		{3D5AE9C4-F1C3-4F7A-A2FC-3EA0D9404B0E}.DLL Debug|Win32.Build.0 = DLL Debug|Win32
		{3D5AE9C4-F1C3-4F7A-A2FC-3EA0D9404B0E}.DLL Release|Win32.ActiveCfg = DLL Release|Win32
		{3D5AE9C4-F1C3-4F7A-A2FC-3EA0D9404B0E}.DLL Release|Win32.Build.0 = DLL Release|Win32
		{3D5AE9C4-F1C3-4F7A-A2FC-3EA0D9404B0E}.DLL VB|Win32.ActiveCfg = DLL VB|Win32
		{3D5AE9C4-F1C3-4F7A-A2FC-3EA0D9404B0E}.DLL VB|Win32.Build.0 = DLL VB|Win32
		{3D5AE9C4-F1C3-4F7A-A2FC-3EA0D9404B0E}.DLL-Import Debug|Win32.ActiveCfg = DLL VB|Win32
		{3D5AE9C4-F1C3-4F7A-A2FC-3EA0D9404B0E}.DLL-Import Debug|Win32.Build.0 = DLL VB|Win32
		{3D5AE9C4-F1C3-4F7A-A2FC-3EA0D9404B0E}.DLL-Import Release|Win32.ActiveCfg = DLL VB|Win32
		{3D5AE9C4-F1C3-4F7A-A2FC-3EA0D9404B0E}.DLL-Import Release|Win32.Build.0 = DLL VB|Win32
		{3D5AE9C4-F1C3-4F7A-A2FC-3EA0D9404B0E}.LIB ASM Debug|Win32.ActiveCfg = LIB ASM Debug|Win32
		{3D5AE9C4-F1C3-4F7A-A2FC-3EA0D9404B0E}.LIB ASM Debug|Win32.Build.0 = LIB ASM Debug|Win32
		{3D5AE9C4-F1C3-4F7A-A2FC-3EA0D9404B0E}.LIB ASM Release|Win32.ActiveCfg = LIB ASM Release|Win32
		{3D5AE9C4-F1C3-4F7A-A2FC-3EA0D9404B0E}.LIB ASM Release|Win32.Build.0 = LIB ASM Release|Win32
		{3D5AE9C4-F1C3-4F7A-A2FC-3EA0D9404B0E}.LIB Debug|Win32.ActiveCfg = LIB Debug|Win32
		{3D5AE9C4-F1C3-4F7A-A2FC-3EA0D9404B0E}.LIB Debug|Win32.Build.0 = LIB Debug|Win32
		{3D5AE9C4-F1C3-4F7A-A2FC-3EA0D9404B0E}.LIB Release|Win32.ActiveCfg = LIB Release|Win32
		{3D5AE9C4-F1C3-4F7A-A2FC-3EA0D9404B0E}.LIB Release|Win32.Build.0 = LIB Release|Win32
		{3D5AE9C4-F1C3-4F7A-A2FC-3EA0D9404B0E}.Release_Shared_MSCRT|Win32.ActiveCfg = LIB ASM Debug|Win32
		{3D5AE9C4-F1C3-4F7A-A2FC-3EA0D9404B0E}.Release_Shared_MSCRT|Win32.Build.0 = LIB ASM Debug|Win32
		{3D5AE9C4-F1C3-4F7A-A2FC-3EA0D9404B0E}.Release|Win32.ActiveCfg = LIB Release|Win32
		{3D5AE9C4-F1C3-4F7A-A2FC-3EA0D9404B0E}.Release|Win32.Build.0 = LIB Release|Win32
		{0832AEC4-A8AB-4F45-8E53-DD120D2F4BEB}.Debug_Shared_MSCRT|Win32.ActiveCfg = DLL ASM Debug|Win32
		{0832AEC4-A8AB-4F45-8E53-DD120D2F4BEB}.Debug_Shared_MSCRT|Win32.Build.0 = DLL ASM Debug|Win32
		{0832AEC4-A8AB-4F45-8E53-DD120D2F4BEB}.Debug|Win32.ActiveCfg = LIB Debug|Win32
		{0832AEC4-A8AB-4F45-8E53-DD120D2F4BEB}.Debug|Win32.Build.0 = LIB Debug|Win32
		{0832AEC4-A8AB-4F45-8E53-DD120D2F4BEB}.DLL ASM Debug|Win32.ActiveCfg = DLL ASM Debug|Win32
		{0832AEC4-A8AB-4F45-8E53-DD120D2F4BEB}.DLL ASM Debug|Win32.Build.0 = DLL ASM Debug|Win32
		{0832AEC4-A8AB-4F45-8E53-DD120D2F4BEB}.DLL ASM Release|Win32.ActiveCfg = DLL ASM Release|Win32
		{0832AEC4-A8AB-4F45-8E53-DD120D2F4BEB}.DLL ASM Release|Win32.Build.0 = DLL ASM Release|Win32
		{0832AEC4-A8AB-4F45-8E53-DD120D2F4BEB}.DLL Debug|Win32.ActiveCfg = DLL Debug|Win32
		{0832AEC4-A8AB-4F45-8E53-DD120D2F4BEB}.DLL Debug|Win32.Build.0 = DLL Debug|Win32
		{0832AEC4-A8AB-4F45-8E53-DD120D2F4BEB}.DLL Release|Win32.ActiveCfg = DLL Release|Win32
		{0832AEC4-A8AB-4F45-8E53-DD120D2F4BEB}.DLL Release|Win32.Build.0 = DLL Release|Win32
		{0832AEC4-A8AB-4F45-8E53-DD120D2F4BEB}.DLL VB|Win32.ActiveCfg = DLL ASM Debug|Win32
		{0832AEC4-A8AB-4F45-8E53-DD120D2F4BEB}.DLL VB|Win32.Build.0 = DLL ASM Debug|Win32
		{0832AEC4-A8AB-4F45-8E53-DD120D2F4BEB}.DLL-Import Debug|Win32.ActiveCfg = DLL ASM Debug|Win32
		{0832AEC4-A8AB-4F45-8E53-DD120D2F4BEB}.DLL-Import Debug|Win32.Build.0 = DLL ASM Debug|Win32
		{0832AEC4-A8AB-4F45-8E53-DD120D2F4BEB}.DLL-Import Release|Win32.ActiveCfg = DLL ASM Debug|Win32
		{0832AEC4-A8AB-4F45-8E53-DD120D2F4BEB}.DLL-Import Release|Win32.Build.0 = DLL ASM Debug|Win32
		{0832AEC4-A8AB-4F45-8E53-DD120D2F4BEB}.LIB ASM Debug|Win32.ActiveCfg = LIB ASM Debug|Win32
		{0832AEC4-A8AB-4F45-8E53-DD120D2F4BEB}.LIB ASM Debug|Win32.Build.0 = LIB ASM Debug|Win32
		{0832AEC4-A8AB-4F45-8E53-DD120D2F4BEB}.LIB ASM Release|Win32.ActiveCfg = LIB ASM Release|Win32
		{0832AEC4-A8AB-4F45-8E53-DD120D2F4BEB}.LIB ASM Release|Win32.Build.0 = LIB ASM Release|Win32
		{0832AEC4-A8AB-4F45-8E53-DD120D2F4BEB}.LIB Debug|Win32.ActiveCfg = LIB Debug|Win32
		{0832AEC4-A8AB-4F45-8E53-DD120D2F4BEB}.LIB Debug|Win32.Build.0 = LIB Debug|Win32
		{0832AEC4-A8AB-4F45-8E53-DD120D2F4BEB}.LIB Release|Win32.ActiveCfg = LIB Release|Win32
		{0832AEC4-A8AB-4F45-8E53-DD120D2F4BEB}.LIB Release|Win32.Build.0 = LIB Release|Win32
		{0832AEC4-A8AB-4F45-8E53-DD120D2F4BEB}.Release_Shared_MSCRT|Win32.ActiveCfg = LIB ASM Debug|Win32
		{0832AEC4-A8AB-4F45-8E53-DD120D2F4BEB}.Release_Shared_MSCRT|Win32.Build.0 = LIB ASM Debug|Win32
		{0832AEC4-A8AB-4F45-8E53-DD120D2F4BEB}.Release|Win32.ActiveCfg = LIB Release|Win32
		{0832AEC4-A8AB-4F45-8E53-DD120D2F4BEB}.Release|Win32.Build.0 = LIB Release|Win32
		{F26D9DD5-826B-487D-8D90-49ADBEB02E84}.Debug_Shared_MSCRT|Win32.ActiveCfg = Debug_Shared_MSCRT|Win32
		{F26D9DD5-826B-487D-8D90-49ADBEB02E84}.Debug_Shared_MSCRT|Win32.Build.0 = Debug_Shared_MSCRT|Win32
		{F26D9DD5-826B-487D-8D90-49ADBEB02E84}.Debug|Win32.ActiveCfg = Debug|Win32
		{F26D9DD5-826B-487D-8D90-49ADBEB02E84}.Debug|Win32.Build.0 = Debug|Win32
		{F26D9DD5-826B-487D-8D90-49ADBEB02E84}.DLL ASM Debug|Win32.ActiveCfg = Debug|Win32
		{F26D9DD5-826B-487D-8D90-49ADBEB02E84}.DLL ASM Debug|Win32.Build.0 = Debug|Win32
		{F26D9DD5-826B-487D-8D90-49ADBEB02E84}.DLL ASM Release|Win32.ActiveCfg = Release|Win32
		{F26D9DD5-826B-487D-8D90-49ADBEB02E84}.DLL ASM Release|Win32.Build.0 = Release|Win32
		{F26D9DD5-826B-487D-8D90-49ADBEB02E84}.DLL Debug|Win32.ActiveCfg = Debug|Win32
		{F26D9DD5-826B-487D-8D90-49ADBEB02E84}.DLL Debug|Win32.Build.0 = Debug|Win32
		{F26D9DD5-826B-487D-8D90-49ADBEB02E84}.DLL Release|Win32.ActiveCfg = Release|Win32
		{F26D9DD5-826B-487D-8D90-49ADBEB02E84}.DLL Release|Win32.Build.0 = Release|Win32
		{F26D9DD5-826B-487D-8D90-49ADBEB02E84}.DLL VB|Win32.ActiveCfg = DLL-Import Debug|Win32
		{F26D9DD5-826B-487D-8D90-49ADBEB02E84}.DLL VB|Win32.Build.0 = DLL-Import Debug|Win32
		{F26D9DD5-826B-487D-8D90-49ADBEB02E84}.DLL-Import Debug|Win32.ActiveCfg = DLL-Import Debug|Win32
		{F26D9DD5-826B-487D-8D90-49ADBEB02E84}.DLL-Import Debug|Win32.Build.0 = DLL-Import Debug|Win32
		{F26D9DD5-826B-487D-8D90-49ADBEB02E84}.DLL-Import Release|Win32.ActiveCfg = DLL-Import Release|Win32
		{F26D9DD5-826B-487D-8D90-49ADBEB02E84}.DLL-Import Release|Win32.Build.0 = DLL-Import Release|Win32
		{F26D9DD5-826B-487D-8D90-49ADBEB02E84}.LIB ASM Debug|Win32.ActiveCfg = Debug|Win32
		{F26D9DD5-826B-487D-8D90-49ADBEB02E84}.LIB ASM Debug|Win32.Build.0 = Debug|Win32
		{F26D9DD5-826B-487D-8D90-49ADBEB02E84}.LIB ASM Release|Win32.ActiveCfg = Release|Win32
		{F26D9DD5-826B-487D-8D90-49ADBEB02E84}.LIB ASM Release|Win32.Build.0 = Release|Win32
		{F26D9DD5-826B-487D-8D90-49ADBEB02E84}.LIB Debug|Win32.ActiveCfg = Debug|Win32
		{F26D9DD5-826B-487D-8D90-49ADBEB02E84}.LIB Debug|Win32.Build.0 = Debug|Win32
		{F26D9DD5-826B-487D-8D90-49ADBEB02E84}.LIB Release|Win32.ActiveCfg = Release|Win32
		{F26D9DD5-826B-487D-8D90-49ADBEB02E84}.LIB Release|Win32.Build.0 = Release|Win32
		{F26D9DD5-826B-487D-8D90-49ADBEB02E84}.Release_Shared_MSCRT|Win32.ActiveCfg = Release_Shared_MSCRT|Win32
		{F26D9DD5-826B-487D-8D90-49ADBEB02E84}.Release_Shared_MSCRT|Win32.Build.0 = Release_Shared_MSCRT|Win32
		{F26D9DD5-826B-487D-8D90-49ADBEB02E84}.Release|Win32.ActiveCfg = Release|Win32
		{F26D9DD5-826B-487D-8D90-49ADBEB02E84}.Release|Win32.Build.0 = Release|Win32
	EndGlobalSection
	GlobalSection(SolutionProperties) = preSolution
		HideSolutionNode = FALSE
	EndGlobalSection
EndGlobal
